
Microsoft Visual Studio Solution File, Format Version 12.00
# Visual Studio Version 17
VisualStudioVersion = 17.4.33205.214
MinimumVisualStudioVersion = 10.0.40219.1
Project("{FAE04EC0-301F-11D3-BF4B-00C04F79EFBC}") = "BlueQuest", "BlueQuest\BlueQuest.csproj", "{8C1E2A03-231E-4859-AD19-D57F49E06C21}"
EndProject
Global
	GlobalSection(SolutionConfigurationPlatforms) = preSolution
		Debug|Any CPU = Debug|Any CPU
		Release|Any CPU = Release|Any CPU
	EndGlobalSection
	GlobalSection(ProjectConfigurationPlatforms) = postSolution
		{8C1E2A03-231E-4859-AD19-D57F49E06C21}.Debug|Any CPU.ActiveCfg = Debug|Any CPU
		{8C1E2A03-231E-4859-AD19-D57F49E06C21}.Debug|Any CPU.Build.0 = Debug|Any CPU
		{8C1E2A03-231E-4859-AD19-D57F49E06C21}.Release|Any CPU.ActiveCfg = Release|Any CPU
		{8C1E2A03-231E-4859-AD19-D57F49E06C21}.Release|Any CPU.Build.0 = Release|Any CPU
	EndGlobalSection
	GlobalSection(SolutionProperties) = preSolution
		HideSolutionNode = FALSE
	EndGlobalSection
	GlobalSection(ExtensibilityGlobals) = postSolution
		SolutionGuid = {9E0125CC-5F09-4C4B-90C0-AF019C4A80B4}
	EndGlobalSection
EndGlobal
